
Microsoft Visual Studio Solution File, Format Version 12.00
# Visual Studio Version 17
VisualStudioVersion = 17.9.34723.18
MinimumVisualStudioVersion = 10.0.40219.1
Project("{FAE04EC0-301F-11D3-BF4B-00C04F79EFBC}") = "ConnectionStringTest", "ConnectionStringTest\ConnectionStringTest.csproj", "{713E8391-ADB8-41B9-B9DE-DCE0B2A3B3DD}"
EndProject
Global
	GlobalSection(SolutionConfigurationPlatforms) = preSolution
		Debug|Any CPU = Debug|Any CPU
		Release|Any CPU = Release|Any CPU
	EndGlobalSection
	GlobalSection(ProjectConfigurationPlatforms) = postSolution
		{713E8391-ADB8-41B9-B9DE-DCE0B2A3B3DD}.Debug|Any CPU.ActiveCfg = Debug|Any CPU
		{713E8391-ADB8-41B9-B9DE-DCE0B2A3B3DD}.Debug|Any CPU.Build.0 = Debug|Any CPU
		{713E8391-ADB8-41B9-B9DE-DCE0B2A3B3DD}.Release|Any CPU.ActiveCfg = Release|Any CPU
		{713E8391-ADB8-41B9-B9DE-DCE0B2A3B3DD}.Release|Any CPU.Build.0 = Release|Any CPU
	EndGlobalSection
	GlobalSection(SolutionProperties) = preSolution
		HideSolutionNode = FALSE
	EndGlobalSection
	GlobalSection(ExtensibilityGlobals) = postSolution
		SolutionGuid = {AAD46911-3BD1-4EB3-9EDA-3ADAE102E666}
	EndGlobalSection
EndGlobal
